
Microsoft Visual Studio Solution File, Format Version 12.00
# Visual Studio Version 17
VisualStudioVersion = 17.11.35327.3
MinimumVisualStudioVersion = 10.0.40219.1
Project("{9A19103F-16F7-4668-BE54-9A1E7A4F7556}") = "ESOAPIExplorer", "ESOAPIExplorer\ESOAPIExplorer.csproj", "{29CF826A-D923-41AF-B451-E170716BB21E}"
EndProject
Project("{9A19103F-16F7-4668-BE54-9A1E7A4F7556}") = "ESOAPIExplorer.ViewModels", "ESOAPIExplorer.ViewModels\ESOAPIExplorer.ViewModels.csproj", "{8E94627D-6160-4F19-89C7-6751FFA9A12C}"
EndProject
Project("{9A19103F-16F7-4668-BE54-9A1E7A4F7556}") = "ESOAPIExplorer.Services", "ESOAPIExplorer.Services\ESOAPIExplorer.Services.csproj", "{A49E92B6-C6E3-4E58-AB47-954C23AE6F8F}"
EndProject
Project("{9A19103F-16F7-4668-BE54-9A1E7A4F7556}") = "ESOAPIExplorer.Interfaces", "ESOAPIExplorer.Interfaces\ESOAPIExplorer.Interfaces.csproj", "{AB5DA6BA-E189-452C-AA1C-E1533A8E0F92}"
EndProject
Project("{9A19103F-16F7-4668-BE54-9A1E7A4F7556}") = "ESOAPIExplorer.EventArguments", "ESOAPIExplorer.EventArguments\ESOAPIExplorer.EventArguments.csproj", "{EFFA5494-A82C-445A-8F0B-CB690EB00F36}"
EndProject
Project("{9A19103F-16F7-4668-BE54-9A1E7A4F7556}") = "ESOAPIExplorer.Views", "ESOAPIExplorer.Views\ESOAPIExplorer.Views.csproj", "{09984D26-A4F9-4A48-B5B1-CA9834CBAF7E}"
EndProject
Project("{9A19103F-16F7-4668-BE54-9A1E7A4F7556}") = "ESOAPIExplorer.ValueConverters", "ESOAPIExplorer.ValueConverters\ESOAPIExplorer.ValueConverters.csproj", "{54F79E6E-AEEC-4C1F-BBD6-164A717D5E03}"
EndProject
Project("{FAE04EC0-301F-11D3-BF4B-00C04F79EFBC}") = "ESOAPIExplorer.Models", "ESOAPIExplorer.Models\ESOAPIExplorer.Models.csproj", "{168A1C2D-FDF4-4ACB-9F85-B6EFFEB48A5F}"
EndProject
Project("{FAE04EC0-301F-11D3-BF4B-00C04F79EFBC}") = "ESOAPIExplorer.DisplayModels", "ESOAPIExplorer.DisplayModels\ESOAPIExplorer.DisplayModels.csproj", "{73DBCB25-4E41-43FB-BC8C-22F7F75089A5}"
EndProject
Global
	GlobalSection(SolutionConfigurationPlatforms) = preSolution
		Debug|Any CPU = Debug|Any CPU
		Debug|ARM64 = Debug|ARM64
		Debug|x64 = Debug|x64
		Debug|x86 = Debug|x86
		Release|Any CPU = Release|Any CPU
		Release|ARM64 = Release|ARM64
		Release|x64 = Release|x64
		Release|x86 = Release|x86
	EndGlobalSection
	GlobalSection(ProjectConfigurationPlatforms) = postSolution
		{29CF826A-D923-41AF-B451-E170716BB21E}.Debug|Any CPU.ActiveCfg = Debug|x64
		{29CF826A-D923-41AF-B451-E170716BB21E}.Debug|Any CPU.Build.0 = Debug|x64
		{29CF826A-D923-41AF-B451-E170716BB21E}.Debug|Any CPU.Deploy.0 = Debug|x64
		{29CF826A-D923-41AF-B451-E170716BB21E}.Debug|ARM64.ActiveCfg = Debug|ARM64
		{29CF826A-D923-41AF-B451-E170716BB21E}.Debug|ARM64.Build.0 = Debug|ARM64
		{29CF826A-D923-41AF-B451-E170716BB21E}.Debug|ARM64.Deploy.0 = Debug|ARM64
		{29CF826A-D923-41AF-B451-E170716BB21E}.Debug|x64.ActiveCfg = Debug|x64
		{29CF826A-D923-41AF-B451-E170716BB21E}.Debug|x64.Build.0 = Debug|x64
		{29CF826A-D923-41AF-B451-E170716BB21E}.Debug|x64.Deploy.0 = Debug|x64
		{29CF826A-D923-41AF-B451-E170716BB21E}.Debug|x86.ActiveCfg = Debug|x86
		{29CF826A-D923-41AF-B451-E170716BB21E}.Debug|x86.Build.0 = Debug|x86
		{29CF826A-D923-41AF-B451-E170716BB21E}.Debug|x86.Deploy.0 = Debug|x86
		{29CF826A-D923-41AF-B451-E170716BB21E}.Release|Any CPU.ActiveCfg = Release|x64
		{29CF826A-D923-41AF-B451-E170716BB21E}.Release|Any CPU.Build.0 = Release|x64
		{29CF826A-D923-41AF-B451-E170716BB21E}.Release|Any CPU.Deploy.0 = Release|x64
		{29CF826A-D923-41AF-B451-E170716BB21E}.Release|ARM64.ActiveCfg = Release|ARM64
		{29CF826A-D923-41AF-B451-E170716BB21E}.Release|ARM64.Build.0 = Release|ARM64
		{29CF826A-D923-41AF-B451-E170716BB21E}.Release|ARM64.Deploy.0 = Release|ARM64
		{29CF826A-D923-41AF-B451-E170716BB21E}.Release|x64.ActiveCfg = Release|x64
		{29CF826A-D923-41AF-B451-E170716BB21E}.Release|x64.Build.0 = Release|x64
		{29CF826A-D923-41AF-B451-E170716BB21E}.Release|x64.Deploy.0 = Release|x64
		{29CF826A-D923-41AF-B451-E170716BB21E}.Release|x86.ActiveCfg = Release|x86
		{29CF826A-D923-41AF-B451-E170716BB21E}.Release|x86.Build.0 = Release|x86
		{29CF826A-D923-41AF-B451-E170716BB21E}.Release|x86.Deploy.0 = Release|x86
		{8E94627D-6160-4F19-89C7-6751FFA9A12C}.Debug|Any CPU.ActiveCfg = Debug|Any CPU
		{8E94627D-6160-4F19-89C7-6751FFA9A12C}.Debug|Any CPU.Build.0 = Debug|Any CPU
		{8E94627D-6160-4F19-89C7-6751FFA9A12C}.Debug|ARM64.ActiveCfg = Debug|Any CPU
		{8E94627D-6160-4F19-89C7-6751FFA9A12C}.Debug|ARM64.Build.0 = Debug|Any CPU
		{8E94627D-6160-4F19-89C7-6751FFA9A12C}.Debug|x64.ActiveCfg = Debug|Any CPU
		{8E94627D-6160-4F19-89C7-6751FFA9A12C}.Debug|x64.Build.0 = Debug|Any CPU
		{8E94627D-6160-4F19-89C7-6751FFA9A12C}.Debug|x86.ActiveCfg = Debug|Any CPU
		{8E94627D-6160-4F19-89C7-6751FFA9A12C}.Debug|x86.Build.0 = Debug|Any CPU
		{8E94627D-6160-4F19-89C7-6751FFA9A12C}.Release|Any CPU.ActiveCfg = Release|Any CPU
		{8E94627D-6160-4F19-89C7-6751FFA9A12C}.Release|Any CPU.Build.0 = Release|Any CPU
		{8E94627D-6160-4F19-89C7-6751FFA9A12C}.Release|ARM64.ActiveCfg = Release|Any CPU
		{8E94627D-6160-4F19-89C7-6751FFA9A12C}.Release|ARM64.Build.0 = Release|Any CPU
		{8E94627D-6160-4F19-89C7-6751FFA9A12C}.Release|x64.ActiveCfg = Release|Any CPU
		{8E94627D-6160-4F19-89C7-6751FFA9A12C}.Release|x64.Build.0 = Release|Any CPU
		{8E94627D-6160-4F19-89C7-6751FFA9A12C}.Release|x86.ActiveCfg = Release|Any CPU
		{8E94627D-6160-4F19-89C7-6751FFA9A12C}.Release|x86.Build.0 = Release|Any CPU
		{A49E92B6-C6E3-4E58-AB47-954C23AE6F8F}.Debug|Any CPU.ActiveCfg = Debug|Any CPU
		{A49E92B6-C6E3-4E58-AB47-954C23AE6F8F}.Debug|Any CPU.Build.0 = Debug|Any CPU
		{A49E92B6-C6E3-4E58-AB47-954C23AE6F8F}.Debug|ARM64.ActiveCfg = Debug|Any CPU
		{A49E92B6-C6E3-4E58-AB47-954C23AE6F8F}.Debug|ARM64.Build.0 = Debug|Any CPU
		{A49E92B6-C6E3-4E58-AB47-954C23AE6F8F}.Debug|x64.ActiveCfg = Debug|Any CPU
		{A49E92B6-C6E3-4E58-AB47-954C23AE6F8F}.Debug|x64.Build.0 = Debug|Any CPU
		{A49E92B6-C6E3-4E58-AB47-954C23AE6F8F}.Debug|x86.ActiveCfg = Debug|Any CPU
		{A49E92B6-C6E3-4E58-AB47-954C23AE6F8F}.Debug|x86.Build.0 = Debug|Any CPU
		{A49E92B6-C6E3-4E58-AB47-954C23AE6F8F}.Release|Any CPU.ActiveCfg = Release|Any CPU
		{A49E92B6-C6E3-4E58-AB47-954C23AE6F8F}.Release|Any CPU.Build.0 = Release|Any CPU
		{A49E92B6-C6E3-4E58-AB47-954C23AE6F8F}.Release|ARM64.ActiveCfg = Release|Any CPU
		{A49E92B6-C6E3-4E58-AB47-954C23AE6F8F}.Release|ARM64.Build.0 = Release|Any CPU
		{A49E92B6-C6E3-4E58-AB47-954C23AE6F8F}.Release|x64.ActiveCfg = Release|Any CPU
		{A49E92B6-C6E3-4E58-AB47-954C23AE6F8F}.Release|x64.Build.0 = Release|Any CPU
		{A49E92B6-C6E3-4E58-AB47-954C23AE6F8F}.Release|x86.ActiveCfg = Release|Any CPU
		{A49E92B6-C6E3-4E58-AB47-954C23AE6F8F}.Release|x86.Build.0 = Release|Any CPU
		{AB5DA6BA-E189-452C-AA1C-E1533A8E0F92}.Debug|Any CPU.ActiveCfg = Debug|Any CPU
		{AB5DA6BA-E189-452C-AA1C-E1533A8E0F92}.Debug|Any CPU.Build.0 = Debug|Any CPU
		{AB5DA6BA-E189-452C-AA1C-E1533A8E0F92}.Debug|ARM64.ActiveCfg = Debug|Any CPU
		{AB5DA6BA-E189-452C-AA1C-E1533A8E0F92}.Debug|ARM64.Build.0 = Debug|Any CPU
		{AB5DA6BA-E189-452C-AA1C-E1533A8E0F92}.Debug|x64.ActiveCfg = Debug|Any CPU
		{AB5DA6BA-E189-452C-AA1C-E1533A8E0F92}.Debug|x64.Build.0 = Debug|Any CPU
		{AB5DA6BA-E189-452C-AA1C-E1533A8E0F92}.Debug|x86.ActiveCfg = Debug|Any CPU
		{AB5DA6BA-E189-452C-AA1C-E1533A8E0F92}.Debug|x86.Build.0 = Debug|Any CPU
		{AB5DA6BA-E189-452C-AA1C-E1533A8E0F92}.Release|Any CPU.ActiveCfg = Release|Any CPU
		{AB5DA6BA-E189-452C-AA1C-E1533A8E0F92}.Release|Any CPU.Build.0 = Release|Any CPU
		{AB5DA6BA-E189-452C-AA1C-E1533A8E0F92}.Release|ARM64.ActiveCfg = Release|Any CPU
		{AB5DA6BA-E189-452C-AA1C-E1533A8E0F92}.Release|ARM64.Build.0 = Release|Any CPU
		{AB5DA6BA-E189-452C-AA1C-E1533A8E0F92}.Release|x64.ActiveCfg = Release|Any CPU
		{AB5DA6BA-E189-452C-AA1C-E1533A8E0F92}.Release|x64.Build.0 = Release|Any CPU
		{AB5DA6BA-E189-452C-AA1C-E1533A8E0F92}.Release|x86.ActiveCfg = Release|Any CPU
		{AB5DA6BA-E189-452C-AA1C-E1533A8E0F92}.Release|x86.Build.0 = Release|Any CPU
		{EFFA5494-A82C-445A-8F0B-CB690EB00F36}.Debug|Any CPU.ActiveCfg = Debug|Any CPU
		{EFFA5494-A82C-445A-8F0B-CB690EB00F36}.Debug|Any CPU.Build.0 = Debug|Any CPU
		{EFFA5494-A82C-445A-8F0B-CB690EB00F36}.Debug|ARM64.ActiveCfg = Debug|Any CPU
		{EFFA5494-A82C-445A-8F0B-CB690EB00F36}.Debug|ARM64.Build.0 = Debug|Any CPU
		{EFFA5494-A82C-445A-8F0B-CB690EB00F36}.Debug|x64.ActiveCfg = Debug|Any CPU
		{EFFA5494-A82C-445A-8F0B-CB690EB00F36}.Debug|x64.Build.0 = Debug|Any CPU
		{EFFA5494-A82C-445A-8F0B-CB690EB00F36}.Debug|x86.ActiveCfg = Debug|Any CPU
		{EFFA5494-A82C-445A-8F0B-CB690EB00F36}.Debug|x86.Build.0 = Debug|Any CPU
		{EFFA5494-A82C-445A-8F0B-CB690EB00F36}.Release|Any CPU.ActiveCfg = Release|Any CPU
		{EFFA5494-A82C-445A-8F0B-CB690EB00F36}.Release|Any CPU.Build.0 = Release|Any CPU
		{EFFA5494-A82C-445A-8F0B-CB690EB00F36}.Release|ARM64.ActiveCfg = Release|Any CPU
		{EFFA5494-A82C-445A-8F0B-CB690EB00F36}.Release|ARM64.Build.0 = Release|Any CPU
		{EFFA5494-A82C-445A-8F0B-CB690EB00F36}.Release|x64.ActiveCfg = Release|Any CPU
		{EFFA5494-A82C-445A-8F0B-CB690EB00F36}.Release|x64.Build.0 = Release|Any CPU
		{EFFA5494-A82C-445A-8F0B-CB690EB00F36}.Release|x86.ActiveCfg = Release|Any CPU
		{EFFA5494-A82C-445A-8F0B-CB690EB00F36}.Release|x86.Build.0 = Release|Any CPU
		{09984D26-A4F9-4A48-B5B1-CA9834CBAF7E}.Debug|Any CPU.ActiveCfg = Debug|Any CPU
		{09984D26-A4F9-4A48-B5B1-CA9834CBAF7E}.Debug|Any CPU.Build.0 = Debug|Any CPU
		{09984D26-A4F9-4A48-B5B1-CA9834CBAF7E}.Debug|ARM64.ActiveCfg = Debug|Any CPU
		{09984D26-A4F9-4A48-B5B1-CA9834CBAF7E}.Debug|ARM64.Build.0 = Debug|Any CPU
		{09984D26-A4F9-4A48-B5B1-CA9834CBAF7E}.Debug|x64.ActiveCfg = Debug|Any CPU
		{09984D26-A4F9-4A48-B5B1-CA9834CBAF7E}.Debug|x64.Build.0 = Debug|Any CPU
		{09984D26-A4F9-4A48-B5B1-CA9834CBAF7E}.Debug|x86.ActiveCfg = Debug|Any CPU
		{09984D26-A4F9-4A48-B5B1-CA9834CBAF7E}.Debug|x86.Build.0 = Debug|Any CPU
		{09984D26-A4F9-4A48-B5B1-CA9834CBAF7E}.Release|Any CPU.ActiveCfg = Release|Any CPU
		{09984D26-A4F9-4A48-B5B1-CA9834CBAF7E}.Release|Any CPU.Build.0 = Release|Any CPU
		{09984D26-A4F9-4A48-B5B1-CA9834CBAF7E}.Release|ARM64.ActiveCfg = Release|Any CPU
		{09984D26-A4F9-4A48-B5B1-CA9834CBAF7E}.Release|ARM64.Build.0 = Release|Any CPU
		{09984D26-A4F9-4A48-B5B1-CA9834CBAF7E}.Release|x64.ActiveCfg = Release|Any CPU
		{09984D26-A4F9-4A48-B5B1-CA9834CBAF7E}.Release|x64.Build.0 = Release|Any CPU
		{09984D26-A4F9-4A48-B5B1-CA9834CBAF7E}.Release|x86.ActiveCfg = Release|Any CPU
		{09984D26-A4F9-4A48-B5B1-CA9834CBAF7E}.Release|x86.Build.0 = Release|Any CPU
		{54F79E6E-AEEC-4C1F-BBD6-164A717D5E03}.Debug|Any CPU.ActiveCfg = Debug|Any CPU
		{54F79E6E-AEEC-4C1F-BBD6-164A717D5E03}.Debug|Any CPU.Build.0 = Debug|Any CPU
		{54F79E6E-AEEC-4C1F-BBD6-164A717D5E03}.Debug|ARM64.ActiveCfg = Debug|Any CPU
		{54F79E6E-AEEC-4C1F-BBD6-164A717D5E03}.Debug|ARM64.Build.0 = Debug|Any CPU
		{54F79E6E-AEEC-4C1F-BBD6-164A717D5E03}.Debug|x64.ActiveCfg = Debug|Any CPU
		{54F79E6E-AEEC-4C1F-BBD6-164A717D5E03}.Debug|x64.Build.0 = Debug|Any CPU
		{54F79E6E-AEEC-4C1F-BBD6-164A717D5E03}.Debug|x86.ActiveCfg = Debug|Any CPU
		{54F79E6E-AEEC-4C1F-BBD6-164A717D5E03}.Debug|x86.Build.0 = Debug|Any CPU
		{54F79E6E-AEEC-4C1F-BBD6-164A717D5E03}.Release|Any CPU.ActiveCfg = Release|Any CPU
		{54F79E6E-AEEC-4C1F-BBD6-164A717D5E03}.Release|Any CPU.Build.0 = Release|Any CPU
		{54F79E6E-AEEC-4C1F-BBD6-164A717D5E03}.Release|ARM64.ActiveCfg = Release|Any CPU
		{54F79E6E-AEEC-4C1F-BBD6-164A717D5E03}.Release|ARM64.Build.0 = Release|Any CPU
		{54F79E6E-AEEC-4C1F-BBD6-164A717D5E03}.Release|x64.ActiveCfg = Release|Any CPU
		{54F79E6E-AEEC-4C1F-BBD6-164A717D5E03}.Release|x64.Build.0 = Release|Any CPU
		{54F79E6E-AEEC-4C1F-BBD6-164A717D5E03}.Release|x86.ActiveCfg = Release|Any CPU
		{54F79E6E-AEEC-4C1F-BBD6-164A717D5E03}.Release|x86.Build.0 = Release|Any CPU
		{168A1C2D-FDF4-4ACB-9F85-B6EFFEB48A5F}.Debug|Any CPU.ActiveCfg = Debug|Any CPU
		{168A1C2D-FDF4-4ACB-9F85-B6EFFEB48A5F}.Debug|Any CPU.Build.0 = Debug|Any CPU
		{168A1C2D-FDF4-4ACB-9F85-B6EFFEB48A5F}.Debug|ARM64.ActiveCfg = Debug|Any CPU
		{168A1C2D-FDF4-4ACB-9F85-B6EFFEB48A5F}.Debug|ARM64.Build.0 = Debug|Any CPU
		{168A1C2D-FDF4-4ACB-9F85-B6EFFEB48A5F}.Debug|x64.ActiveCfg = Debug|Any CPU
		{168A1C2D-FDF4-4ACB-9F85-B6EFFEB48A5F}.Debug|x64.Build.0 = Debug|Any CPU
		{168A1C2D-FDF4-4ACB-9F85-B6EFFEB48A5F}.Debug|x86.ActiveCfg = Debug|Any CPU
		{168A1C2D-FDF4-4ACB-9F85-B6EFFEB48A5F}.Debug|x86.Build.0 = Debug|Any CPU
		{168A1C2D-FDF4-4ACB-9F85-B6EFFEB48A5F}.Release|Any CPU.ActiveCfg = Release|Any CPU
		{168A1C2D-FDF4-4ACB-9F85-B6EFFEB48A5F}.Release|Any CPU.Build.0 = Release|Any CPU
		{168A1C2D-FDF4-4ACB-9F85-B6EFFEB48A5F}.Release|ARM64.ActiveCfg = Release|Any CPU
		{168A1C2D-FDF4-4ACB-9F85-B6EFFEB48A5F}.Release|ARM64.Build.0 = Release|Any CPU
		{168A1C2D-FDF4-4ACB-9F85-B6EFFEB48A5F}.Release|x64.ActiveCfg = Release|Any CPU
		{168A1C2D-FDF4-4ACB-9F85-B6EFFEB48A5F}.Release|x64.Build.0 = Release|Any CPU
		{168A1C2D-FDF4-4ACB-9F85-B6EFFEB48A5F}.Release|x86.ActiveCfg = Release|Any CPU
		{168A1C2D-FDF4-4ACB-9F85-B6EFFEB48A5F}.Release|x86.Build.0 = Release|Any CPU
		{73DBCB25-4E41-43FB-BC8C-22F7F75089A5}.Debug|Any CPU.ActiveCfg = Debug|Any CPU
		{73DBCB25-4E41-43FB-BC8C-22F7F75089A5}.Debug|Any CPU.Build.0 = Debug|Any CPU
		{73DBCB25-4E41-43FB-BC8C-22F7F75089A5}.Debug|ARM64.ActiveCfg = Debug|Any CPU
		{73DBCB25-4E41-43FB-BC8C-22F7F75089A5}.Debug|ARM64.Build.0 = Debug|Any CPU
		{73DBCB25-4E41-43FB-BC8C-22F7F75089A5}.Debug|x64.ActiveCfg = Debug|Any CPU
		{73DBCB25-4E41-43FB-BC8C-22F7F75089A5}.Debug|x64.Build.0 = Debug|Any CPU
		{73DBCB25-4E41-43FB-BC8C-22F7F75089A5}.Debug|x86.ActiveCfg = Debug|Any CPU
		{73DBCB25-4E41-43FB-BC8C-22F7F75089A5}.Debug|x86.Build.0 = Debug|Any CPU
		{73DBCB25-4E41-43FB-BC8C-22F7F75089A5}.Release|Any CPU.ActiveCfg = Release|Any CPU
		{73DBCB25-4E41-43FB-BC8C-22F7F75089A5}.Release|Any CPU.Build.0 = Release|Any CPU
		{73DBCB25-4E41-43FB-BC8C-22F7F75089A5}.Release|ARM64.ActiveCfg = Release|Any CPU
		{73DBCB25-4E41-43FB-BC8C-22F7F75089A5}.Release|ARM64.Build.0 = Release|Any CPU
		{73DBCB25-4E41-43FB-BC8C-22F7F75089A5}.Release|x64.ActiveCfg = Release|Any CPU
		{73DBCB25-4E41-43FB-BC8C-22F7F75089A5}.Release|x64.Build.0 = Release|Any CPU
		{73DBCB25-4E41-43FB-BC8C-22F7F75089A5}.Release|x86.ActiveCfg = Release|Any CPU
		{73DBCB25-4E41-43FB-BC8C-22F7F75089A5}.Release|x86.Build.0 = Release|Any CPU
	EndGlobalSection
	GlobalSection(SolutionProperties) = preSolution
		HideSolutionNode = FALSE
	EndGlobalSection
	GlobalSection(ExtensibilityGlobals) = postSolution
		SolutionGuid = {732778E1-0CE5-482F-A05C-871B959D9F95}
	EndGlobalSection
EndGlobal
